
Microsoft Visual Studio Solution File, Format Version 12.00
# Visual Studio Version 17
VisualStudioVersion = 17.14.36623.8 d17.14
MinimumVisualStudioVersion = 10.0.40219.1
Project("{FAE04EC0-301F-11D3-BF4B-00C04F79EFBC}") = "JogoXadrez", "JogoXadrez\JogoXadrez.csproj", "{E9EDAA1D-87F7-4AAA-93A5-BB66FFA9A274}"
EndProject
Global
	GlobalSection(SolutionConfigurationPlatforms) = preSolution
		Debug|Any CPU = Debug|Any CPU
		Release|Any CPU = Release|Any CPU
	EndGlobalSection
	GlobalSection(ProjectConfigurationPlatforms) = postSolution
		{E9EDAA1D-87F7-4AAA-93A5-BB66FFA9A274}.Debug|Any CPU.ActiveCfg = Debug|Any CPU
		{E9EDAA1D-87F7-4AAA-93A5-BB66FFA9A274}.Debug|Any CPU.Build.0 = Debug|Any CPU
		{E9EDAA1D-87F7-4AAA-93A5-BB66FFA9A274}.Release|Any CPU.ActiveCfg = Release|Any CPU
		{E9EDAA1D-87F7-4AAA-93A5-BB66FFA9A274}.Release|Any CPU.Build.0 = Release|Any CPU
	EndGlobalSection
	GlobalSection(SolutionProperties) = preSolution
		HideSolutionNode = FALSE
	EndGlobalSection
	GlobalSection(ExtensibilityGlobals) = postSolution
		SolutionGuid = {41306E05-F53A-47BD-821A-373D6A8AF7AC}
	EndGlobalSection
EndGlobal
